Microsoft Visual Studio Solution File, Format Version 12.00
# Visual Studio Version 17
VisualStudioVersion = 17.5.2.0
MinimumVisualStudioVersion = 10.0.40219.1
Project("{FAE04EC0-301F-11D3-BF4B-00C04F79EFBC}") = "l15_ET_1292625", "l15_ET_1292625.csproj", "{B2D01728-6D4D-CC87-40A4-FC5550B374EA}"
EndProject
Global
	GlobalSection(SolutionConfigurationPlatforms) = preSolution
		Debug|Any CPU = Debug|Any CPU
		Release|Any CPU = Release|Any CPU
	EndGlobalSection
	GlobalSection(ProjectConfigurationPlatforms) = postSolution
		{B2D01728-6D4D-CC87-40A4-FC5550B374EA}.Debug|Any CPU.ActiveCfg = Debug|Any CPU
		{B2D01728-6D4D-CC87-40A4-FC5550B374EA}.Debug|Any CPU.Build.0 = Debug|Any CPU
		{B2D01728-6D4D-CC87-40A4-FC5550B374EA}.Release|Any CPU.ActiveCfg = Release|Any CPU
		{B2D01728-6D4D-CC87-40A4-FC5550B374EA}.Release|Any CPU.Build.0 = Release|Any CPU
	EndGlobalSection
	GlobalSection(SolutionProperties) = preSolution
		HideSolutionNode = FALSE
	EndGlobalSection
	GlobalSection(ExtensibilityGlobals) = postSolution
		SolutionGuid = {5802D475-1065-4C13-BBEE-149559C11393}
	EndGlobalSection
EndGlobal
