Microsoft Visual Studio Solution File, Format Version 12.00
# Visual Studio Version 17
VisualStudioVersion = 17.5.2.0
MinimumVisualStudioVersion = 10.0.40219.1
Project("{FAE04EC0-301F-11D3-BF4B-00C04F79EFBC}") = "l13_ET_1292625_EJ2", "l13_ET_1292625_EJ2.csproj", "{581325FD-72F7-BA57-164F-CD86AC1217D3}"
EndProject
Global
	GlobalSection(SolutionConfigurationPlatforms) = preSolution
		Debug|Any CPU = Debug|Any CPU
		Release|Any CPU = Release|Any CPU
	EndGlobalSection
	GlobalSection(ProjectConfigurationPlatforms) = postSolution
		{581325FD-72F7-BA57-164F-CD86AC1217D3}.Debug|Any CPU.ActiveCfg = Debug|Any CPU
		{581325FD-72F7-BA57-164F-CD86AC1217D3}.Debug|Any CPU.Build.0 = Debug|Any CPU
		{581325FD-72F7-BA57-164F-CD86AC1217D3}.Release|Any CPU.ActiveCfg = Release|Any CPU
		{581325FD-72F7-BA57-164F-CD86AC1217D3}.Release|Any CPU.Build.0 = Release|Any CPU
	EndGlobalSection
	GlobalSection(SolutionProperties) = preSolution
		HideSolutionNode = FALSE
	EndGlobalSection
	GlobalSection(ExtensibilityGlobals) = postSolution
		SolutionGuid = {EDA250C1-18FF-4DA9-954F-66B52F45DA35}
	EndGlobalSection
EndGlobal
